// !$*UTF8*$!
{
	archiveVersion = 1;
	classes = {
	};
	objectVersion = 50;
	objects = {

/* Begin PBXBuildFile section */
		D2DD8E4725202E5E009A70E4 /* princeApp.swift in Sources */ = {isa = PBXBuildFile; fileRef = D2DD8E1E25202E5B009A70E4 /* princeApp.swift */; };
		D2DD8E4825202E5E009A70E4 /* princeApp.swift in Sources */ = {isa = PBXBuildFile; fileRef = D2DD8E1E25202E5B009A70E4 /* princeApp.swift */; };
		D2DD8E4925202E5E009A70E4 /* ContentView.swift in Sources */ = {isa = PBXBuildFile; fileRef = D2DD8E1F25202E5B009A70E4 /* ContentView.swift */; };
		D2DD8E4A25202E5E009A70E4 /* ContentView.swift in Sources */ = {isa = PBXBuildFile; fileRef = D2DD8E1F25202E5B009A70E4 /* ContentView.swift */; };
		D2DD8E4B25202E5E009A70E4 /* Assets.xcassets in Resources */ = {isa = PBXBuildFile; fileRef = D2DD8E2025202E5E009A70E4 /* Assets.xcassets */; };
		D2DD8E4C25202E5E009A70E4 /* Assets.xcassets in Resources */ = {isa = PBXBuildFile; fileRef = D2DD8E2025202E5E009A70E4 /* Assets.xcassets */; };
/* End PBXBuildFile section */

/* Begin PBXContainerItemProxy section */
		D2DD8E3625202E5E009A70E4 /* PBXContainerItemProxy */ = {
			isa = PBXContainerItemProxy;
			containerPortal = D2DD8E1925202E5A009A70E4 /* Project object */;
			proxyType = 1;
			remoteGlobalIDString = D2DD8E2425202E5E009A70E4;
			remoteInfo = "prince (iOS)";
		};
		D2DD8E4125202E5E009A70E4 /* PBXContainerItemProxy */ = {
			isa = PBXContainerItemProxy;
			containerPortal = D2DD8E1925202E5A009A70E4 /* Project object */;
			proxyType = 1;
			remoteGlobalIDString = D2DD8E2C25202E5E009A70E4;
			remoteInfo = "prince (macOS)";
		};
/* End PBXContainerItemProxy section */

/* Begin PBXFileReference section */
		D2DD8E1E25202E5B009A70E4 /* princeApp.swift */ = {isa = PBXFileReference; lastKnownFileType = sourcecode.swift; path = princeApp.swift; sourceTree = "<group>"; };
		D2DD8E1F25202E5B009A70E4 /* ContentView.swift */ = {isa = PBXFileReference; lastKnownFileType = sourcecode.swift; path = ContentView.swift; sourceTree = "<group>"; };
		D2DD8E2025202E5E009A70E4 /* Assets.xcassets */ = {isa = PBXFileReference; lastKnownFileType = folder.assetcatalog; path = Assets.xcassets; sourceTree = "<group>"; };
		D2DD8E2525202E5E009A70E4 /* Prince.app */ = {isa = PBXFileReference; explicitFileType = wrapper.application; includeInIndex = 0; path = Prince.app; sourceTree = BUILT_PRODUCTS_DIR; };
		D2DD8E2825202E5E009A70E4 /* Info.plist */ = {isa = PBXFileReference; lastKnownFileType = text.plist.xml; path = Info.plist; sourceTree = "<group>"; };
		D2DD8E2D25202E5E009A70E4 /* Prince.app */ = {isa = PBXFileReference; explicitFileType = wrapper.application; includeInIndex = 0; path = Prince.app; sourceTree = BUILT_PRODUCTS_DIR; };
		D2DD8E2F25202E5E009A70E4 /* Info.plist */ = {isa = PBXFileReference; lastKnownFileType = text.plist.xml; path = Info.plist; sourceTree = "<group>"; };
		D2DD8E3025202E5E009A70E4 /* macOS.entitlements */ = {isa = PBXFileReference; lastKnownFileType = text.plist.entitlements; path = macOS.entitlements; sourceTree = "<group>"; };
		D2DD8E3525202E5E009A70E4 /* Tests iOS.xctest */ = {isa = PBXFileReference; explicitFileType = wrapper.cfbundle; includeInIndex = 0; path = "Tests iOS.xctest"; sourceTree = BUILT_PRODUCTS_DIR; };
		D2DD8E4025202E5E009A70E4 /* Tests macOS.xctest */ = {isa = PBXFileReference; explicitFileType = wrapper.cfbundle; includeInIndex = 0; path = "Tests macOS.xctest"; sourceTree = BUILT_PRODUCTS_DIR; };
/* End PBXFileReference section */

/* Begin PBXFrameworksBuildPhase section */
		D2DD8E2225202E5E009A70E4 /* Frameworks */ = {
			isa = PBXFrameworksBuildPhase;
			buildActionMask = 2147483647;
			files = (
			);
			runOnlyForDeploymentPostprocessing = 0;
		};
		D2DD8E2A25202E5E009A70E4 /* Frameworks */ = {
			isa = PBXFrameworksBuildPhase;
			buildActionMask = 2147483647;
			files = (
			);
			runOnlyForDeploymentPostprocessing = 0;
		};
		D2DD8E3225202E5E009A70E4 /* Frameworks */ = {
			isa = PBXFrameworksBuildPhase;
			buildActionMask = 2147483647;
			files = (
			);
			runOnlyForDeploymentPostprocessing = 0;
		};
		D2DD8E3D25202E5E009A70E4 /* Frameworks */ = {
			isa = PBXFrameworksBuildPhase;
			buildActionMask = 2147483647;
			files = (
			);
			runOnlyForDeploymentPostprocessing = 0;
		};
/* End PBXFrameworksBuildPhase section */

/* Begin PBXGroup section */
		D2DD8E1825202E5A009A70E4 = {
			isa = PBXGroup;
			children = (
				D2DD8E1D25202E5B009A70E4 /* Shared */,
				D2DD8E2725202E5E009A70E4 /* iOS */,
				D2DD8E2E25202E5E009A70E4 /* macOS */,
				D2DD8E2625202E5E009A70E4 /* Products */,
			);
			sourceTree = "<group>";
		};
		D2DD8E1D25202E5B009A70E4 /* Shared */ = {
			isa = PBXGroup;
			children = (
				D2DD8E1E25202E5B009A70E4 /* princeApp.swift */,
				D2DD8E1F25202E5B009A70E4 /* ContentView.swift */,
				D2DD8E2025202E5E009A70E4 /* Assets.xcassets */,
			);
			path = Shared;
			sourceTree = "<group>";
		};
		D2DD8E2625202E5E009A70E4 /* Products */ = {
			isa = PBXGroup;
			children = (
				D2DD8E2525202E5E009A70E4 /* Prince.app */,
				D2DD8E2D25202E5E009A70E4 /* Prince.app */,
				D2DD8E3525202E5E009A70E4 /* Tests iOS.xctest */,
				D2DD8E4025202E5E009A70E4 /* Tests macOS.xctest */,
			);
			name = Products;
			sourceTree = "<group>";
		};
		D2DD8E2725202E5E009A70E4 /* iOS */ = {
			isa = PBXGroup;
			children = (
				D2DD8E2825202E5E009A70E4 /* Info.plist */,
			);
			path = iOS;
			sourceTree = "<group>";
		};
		D2DD8E2E25202E5E009A70E4 /* macOS */ = {
			isa = PBXGroup;
			children = (
				D2DD8E2F25202E5E009A70E4 /* Info.plist */,
				D2DD8E3025202E5E009A70E4 /* macOS.entitlements */,
			);
			path = macOS;
			sourceTree = "<group>";
		};
/* End PBXGroup section */

/* Begin PBXNativeTarget section */
		D2DD8E2425202E5E009A70E4 /* Prince (iOS) */ = {
			isa = PBXNativeTarget;
			buildConfigurationList = D2DD8E4F25202E5E009A70E4 /* Build configuration list for PBXNativeTarget "Prince (iOS)" */;
			buildPhases = (
				D2DD8E2125202E5E009A70E4 /* Sources */,
				D2DD8E2225202E5E009A70E4 /* Frameworks */,
				D2DD8E2325202E5E009A70E4 /* Resources */,
			);
			buildRules = (
			);
			dependencies = (
			);
			name = "Prince (iOS)";
			productName = "prince (iOS)";
			productReference = D2DD8E2525202E5E009A70E4 /* Prince.app */;
			productType = "com.apple.product-type.application";
		};
		D2DD8E2C25202E5E009A70E4 /* Prince (macOS) */ = {
			isa = PBXNativeTarget;
			buildConfigurationList = D2DD8E5225202E5E009A70E4 /* Build configuration list for PBXNativeTarget "Prince (macOS)" */;
			buildPhases = (
				D2DD8E2925202E5E009A70E4 /* Sources */,
				D2DD8E2A25202E5E009A70E4 /* Frameworks */,
				D2DD8E2B25202E5E009A70E4 /* Resources */,
			);
			buildRules = (
			);
			dependencies = (
			);
			name = "Prince (macOS)";
			productName = "prince (macOS)";
			productReference = D2DD8E2D25202E5E009A70E4 /* Prince.app */;
			productType = "com.apple.product-type.application";
		};
		D2DD8E3425202E5E009A70E4 /* Tests iOS */ = {
			isa = PBXNativeTarget;
			buildConfigurationList = D2DD8E5525202E5E009A70E4 /* Build configuration list for PBXNativeTarget "Tests iOS" */;
			buildPhases = (
				D2DD8E3125202E5E009A70E4 /* Sources */,
				D2DD8E3225202E5E009A70E4 /* Frameworks */,
				D2DD8E3325202E5E009A70E4 /* Resources */,
			);
			buildRules = (
			);
			dependencies = (
				D2DD8E3725202E5E009A70E4 /* PBXTargetDependency */,
			);
			name = "Tests iOS";
			productName = "Tests iOS";
			productReference = D2DD8E3525202E5E009A70E4 /* Tests iOS.xctest */;
			productType = "com.apple.product-type.bundle.ui-testing";
		};
		D2DD8E3F25202E5E009A70E4 /* Tests macOS */ = {
			isa = PBXNativeTarget;
			buildConfigurationList = D2DD8E5825202E5E009A70E4 /* Build configuration list for PBXNativeTarget "Tests macOS" */;
			buildPhases = (
				D2DD8E3C25202E5E009A70E4 /* Sources */,
				D2DD8E3D25202E5E009A70E4 /* Frameworks */,
				D2DD8E3E25202E5E009A70E4 /* Resources */,
			);
			buildRules = (
			);
			dependencies = (
				D2DD8E4225202E5E009A70E4 /* PBXTargetDependency */,
			);
			name = "Tests macOS";
			productName = "Tests macOS";
			productReference = D2DD8E4025202E5E009A70E4 /* Tests macOS.xctest */;
			productType = "com.apple.product-type.bundle.ui-testing";
		};
/* End PBXNativeTarget section */

/* Begin PBXProject section */
		D2DD8E1925202E5A009A70E4 /* Project object */ = {
			isa = PBXProject;
			attributes = {
				LastSwiftUpdateCheck = 1220;
				LastUpgradeCheck = 1220;
				TargetAttributes = {
					D2DD8E2425202E5E009A70E4 = {
						CreatedOnToolsVersion = 12.2;
					};
					D2DD8E2C25202E5E009A70E4 = {
						CreatedOnToolsVersion = 12.2;
					};
					D2DD8E3425202E5E009A70E4 = {
						CreatedOnToolsVersion = 12.2;
						TestTargetID = D2DD8E2425202E5E009A70E4;
					};
					D2DD8E3F25202E5E009A70E4 = {
						CreatedOnToolsVersion = 12.2;
						TestTargetID = D2DD8E2C25202E5E009A70E4;
					};
				};
			};
			buildConfigurationList = D2DD8E1C25202E5A009A70E4 /* Build configuration list for PBXProject "Prince" */;
			compatibilityVersion = "Xcode 9.3";
			developmentRegion = en;
			hasScannedForEncodings = 0;
			knownRegions = (
				en,
				Base,
			);
			mainGroup = D2DD8E1825202E5A009A70E4;
			productRefGroup = D2DD8E2625202E5E009A70E4 /* Products */;
			projectDirPath = "";
			projectRoot = "";
			targets = (
				D2DD8E2425202E5E009A70E4 /* Prince (iOS) */,
				D2DD8E2C25202E5E009A70E4 /* Prince (macOS) */,
				D2DD8E3425202E5E009A70E4 /* Tests iOS */,
				D2DD8E3F25202E5E009A70E4 /* Tests macOS */,
			);
		};
/* End PBXProject section */

/* Begin PBXResourcesBuildPhase section */
		D2DD8E2325202E5E009A70E4 /* Resources */ = {
			isa = PBXResourcesBuildPhase;
			buildActionMask = 2147483647;
			files = (
				D2DD8E4B25202E5E009A70E4 /* Assets.xcassets in Resources */,
			);
			runOnlyForDeploymentPostprocessing = 0;
		};
		D2DD8E2B25202E5E009A70E4 /* Resources */ = {
			isa = PBXResourcesBuildPhase;
			buildActionMask = 2147483647;
			files = (
				D2DD8E4C25202E5E009A70E4 /* Assets.xcassets in Resources */,
			);
			runOnlyForDeploymentPostprocessing = 0;
		};
		D2DD8E3325202E5E009A70E4 /* Resources */ = {
			isa = PBXResourcesBuildPhase;
			buildActionMask = 2147483647;
			files = (
			);
			runOnlyForDeploymentPostprocessing = 0;
		};
		D2DD8E3E25202E5E009A70E4 /* Resources */ = {
			isa = PBXResourcesBuildPhase;
			buildActionMask = 2147483647;
			files = (
			);
			runOnlyForDeploymentPostprocessing = 0;
		};
/* End PBXResourcesBuildPhase section */

/* Begin PBXSourcesBuildPhase section */
		D2DD8E2125202E5E009A70E4 /* Sources */ = {
			isa = PBXSourcesBuildPhase;
			buildActionMask = 2147483647;
			files = (
				D2DD8E4925202E5E009A70E4 /* ContentView.swift in Sources */,
				D2DD8E4725202E5E009A70E4 /* princeApp.swift in Sources */,
			);
			runOnlyForDeploymentPostprocessing = 0;
		};
		D2DD8E2925202E5E009A70E4 /* Sources */ = {
			isa = PBXSourcesBuildPhase;
			buildActionMask = 2147483647;
			files = (
				D2DD8E4A25202E5E009A70E4 /* ContentView.swift in Sources */,
				D2DD8E4825202E5E009A70E4 /* princeApp.swift in Sources */,
			);
			runOnlyForDeploymentPostprocessing = 0;
		};
		D2DD8E3125202E5E009A70E4 /* Sources */ = {
			isa = PBXSourcesBuildPhase;
			buildActionMask = 2147483647;
			files = (
			);
			runOnlyForDeploymentPostprocessing = 0;
		};
		D2DD8E3C25202E5E009A70E4 /* Sources */ = {
			isa = PBXSourcesBuildPhase;
			buildActionMask = 2147483647;
			files = (
			);
			runOnlyForDeploymentPostprocessing = 0;
		};
/* End PBXSourcesBuildPhase section */

/* Begin PBXTargetDependency section */
		D2DD8E3725202E5E009A70E4 /* PBXTargetDependency */ = {
			isa = PBXTargetDependency;
			target = D2DD8E2425202E5E009A70E4 /* Prince (iOS) */;
			targetProxy = D2DD8E3625202E5E009A70E4 /* PBXContainerItemProxy */;
		};
		D2DD8E4225202E5E009A70E4 /* PBXTargetDependency */ = {
			isa = PBXTargetDependency;
			target = D2DD8E2C25202E5E009A70E4 /* Prince (macOS) */;
			targetProxy = D2DD8E4125202E5E009A70E4 /* PBXContainerItemProxy */;
		};
/* End PBXTargetDependency section */

/* Begin XCBuildConfiguration section */
		D2DD8E4D25202E5E009A70E4 /* Debug */ = {
			isa = XCBuildConfiguration;
			buildSettings = {
				ALWAYS_SEARCH_USER_PATHS = NO;
				CLANG_ANALYZER_NONNULL = YES;
				CLANG_ANALYZER_NUMBER_OBJECT_CONVERSION = YES_AGGRESSIVE;
				CLANG_CXX_LANGUAGE_STANDARD = "gnu++14";
				CLANG_CXX_LIBRARY = "libc++";
				CLANG_ENABLE_MODULES = YES;
				CLANG_ENABLE_OBJC_ARC = YES;
				CLANG_ENABLE_OBJC_WEAK = YES;
				CLANG_WARN_BLOCK_CAPTURE_AUTORELEASING = YES;
				CLANG_WARN_BOOL_CONVERSION = YES;
				CLANG_WARN_COMMA = YES;
				CLANG_WARN_CONSTANT_CONVERSION = YES;
				CLANG_WARN_DEPRECATED_OBJC_IMPLEMENTATIONS = YES;
				CLANG_WARN_DIRECT_OBJC_ISA_USAGE = YES_ERROR;
				CLANG_WARN_DOCUMENTATION_COMMENTS = YES;
				CLANG_WARN_EMPTY_BODY = YES;
				CLANG_WARN_ENUM_CONVERSION = YES;
				CLANG_WARN_INFINITE_RECURSION = YES;
				CLANG_WARN_INT_CONVERSION = YES;
				CLANG_WARN_NON_LITERAL_NULL_CONVERSION = YES;
				CLANG_WARN_OBJC_IMPLICIT_RETAIN_SELF = YES;
				CLANG_WARN_OBJC_LITERAL_CONVERSION = YES;
				CLANG_WARN_OBJC_ROOT_CLASS = YES_ERROR;
				CLANG_WARN_QUOTED_INCLUDE_IN_FRAMEWORK_HEADER = YES;
				CLANG_WARN_RANGE_LOOP_ANALYSIS = YES;
				CLANG_WARN_STRICT_PROTOTYPES = YES;
				CLANG_WARN_SUSPICIOUS_MOVE = YES;
				CLANG_WARN_UNGUARDED_AVAILABILITY = YES_AGGRESSIVE;
				CLANG_WARN_UNREACHABLE_CODE = YES;
				CLANG_WARN__DUPLICATE_METHOD_MATCH = YES;
				COPY_PHASE_STRIP = NO;
				DEBUG_INFORMATION_FORMAT = dwarf;
				ENABLE_STRICT_OBJC_MSGSEND = YES;
				ENABLE_TESTABILITY = YES;
				GCC_C_LANGUAGE_STANDARD = gnu11;
				GCC_DYNAMIC_NO_PIC = NO;
				GCC_NO_COMMON_BLOCKS = YES;
				GCC_OPTIMIZATION_LEVEL = 0;
				GCC_PREPROCESSOR_DEFINITIONS = (
					"DEBUG=1",
					"$(inherited)",
				);
				GCC_WARN_64_TO_32_BIT_CONVERSION = YES;
				GCC_WARN_ABOUT_RETURN_TYPE = YES_ERROR;
				GCC_WARN_UNDECLARED_SELECTOR = YES;
				GCC_WARN_UNINITIALIZED_AUTOS = YES_AGGRESSIVE;
				GCC_WARN_UNUSED_FUNCTION = YES;
				GCC_WARN_UNUSED_VARIABLE = YES;
				MTL_ENABLE_DEBUG_INFO = INCLUDE_SOURCE;
				MTL_FAST_MATH = YES;
				ONLY_ACTIVE_ARCH = YES;
				SWIFT_ACTIVE_COMPILATION_CONDITIONS = DEBUG;
				SWIFT_OPTIMIZATION_LEVEL = "-Onone";
			};
			name = Debug;
		};
		D2DD8E4E25202E5E009A70E4 /* Release */ = {
			isa = XCBuildConfiguration;
			buildSettings = {
				ALWAYS_SEARCH_USER_PATHS = NO;
				CLANG_ANALYZER_NONNULL = YES;
				CLANG_ANALYZER_NUMBER_OBJECT_CONVERSION = YES_AGGRESSIVE;
				CLANG_CXX_LANGUAGE_STANDARD = "gnu++14";
				CLANG_CXX_LIBRARY = "libc++";
				CLANG_ENABLE_MODULES = YES;
				CLANG_ENABLE_OBJC_ARC = YES;
				CLANG_ENABLE_OBJC_WEAK = YES;
				CLANG_WARN_BLOCK_CAPTURE_AUTORELEASING = YES;
				CLANG_WARN_BOOL_CONVERSION = YES;
				CLANG_WARN_COMMA = YES;
				CLANG_WARN_CONSTANT_CONVERSION = YES;
				CLANG_WARN_DEPRECATED_OBJC_IMPLEMENTATIONS = YES;
				CLANG_WARN_DIRECT_OBJC_ISA_USAGE = YES_ERROR;
				CLANG_WARN_DOCUMENTATION_COMMENTS = YES;
				CLANG_WARN_EMPTY_BODY = YES;
				CLANG_WARN_ENUM_CONVERSION = YES;
				CLANG_WARN_INFINITE_RECURSION = YES;
				CLANG_WARN_INT_CONVERSION = YES;
				CLANG_WARN_NON_LITERAL_NULL_CONVERSION = YES;
				CLANG_WARN_OBJC_IMPLICIT_RETAIN_SELF = YES;
				CLANG_WARN_OBJC_LITERAL_CONVERSION = YES;
				CLANG_WARN_OBJC_ROOT_CLASS = YES_ERROR;
				CLANG_WARN_QUOTED_INCLUDE_IN_FRAMEWORK_HEADER = YES;
				CLANG_WARN_RANGE_LOOP_ANALYSIS = YES;
				CLANG_WARN_STRICT_PROTOTYPES = YES;
				CLANG_WARN_SUSPICIOUS_MOVE = YES;
				CLANG_WARN_UNGUARDED_AVAILABILITY = YES_AGGRESSIVE;
				CLANG_WARN_UNREACHABLE_CODE = YES;
				CLANG_WARN__DUPLICATE_METHOD_MATCH = YES;
				COPY_PHASE_STRIP = NO;
				DEBUG_INFORMATION_FORMAT = "dwarf-with-dsym";
				ENABLE_NS_ASSERTIONS = NO;
				ENABLE_STRICT_OBJC_MSGSEND = YES;
				GCC_C_LANGUAGE_STANDARD = gnu11;
				GCC_NO_COMMON_BLOCKS = YES;
				GCC_WARN_64_TO_32_BIT_CONVERSION = YES;
				GCC_WARN_ABOUT_RETURN_TYPE = YES_ERROR;
				GCC_WARN_UNDECLARED_SELECTOR = YES;
				GCC_WARN_UNINITIALIZED_AUTOS = YES_AGGRESSIVE;
				GCC_WARN_UNUSED_FUNCTION = YES;
				GCC_WARN_UNUSED_VARIABLE = YES;
				MTL_ENABLE_DEBUG_INFO = NO;
				MTL_FAST_MATH = YES;
				SWIFT_COMPILATION_MODE = wholemodule;
				SWIFT_OPTIMIZATION_LEVEL = "-O";
			};
			name = Release;
		};
		D2DD8E5025202E5E009A70E4 /* Debug */ = {
			isa = XCBuildConfiguration;
			buildSettings = {
				ASSETCATALOG_COMPILER_APPICON_NAME = AppIcon;
				ASSETCATALOG_COMPILER_GLOBAL_ACCENT_COLOR_NAME = AccentColor;
				CODE_SIGN_STYLE = Automatic;
				DEVELOPMENT_TEAM = A74TX23J32;
				ENABLE_PREVIEWS = YES;
				INFOPLIST_FILE = iOS/Info.plist;
				IPHONEOS_DEPLOYMENT_TARGET = 14.0;
				LD_RUNPATH_SEARCH_PATHS = (
					"$(inherited)",
					"@executable_path/Frameworks",
				);
				PRODUCT_BUNDLE_IDENTIFIER = design.goldilocks.prince;
				PRODUCT_NAME = Prince;
				SDKROOT = iphoneos;
				SWIFT_VERSION = 5.0;
				TARGETED_DEVICE_FAMILY = "1,2";
			};
			name = Debug;
		};
		D2DD8E5125202E5E009A70E4 /* Release */ = {
			isa = XCBuildConfiguration;
			buildSettings = {
				ASSETCATALOG_COMPILER_APPICON_NAME = AppIcon;
				ASSETCATALOG_COMPILER_GLOBAL_ACCENT_COLOR_NAME = AccentColor;
				CODE_SIGN_STYLE = Automatic;
				DEVELOPMENT_TEAM = A74TX23J32;
				ENABLE_PREVIEWS = YES;
				INFOPLIST_FILE = iOS/Info.plist;
				IPHONEOS_DEPLOYMENT_TARGET = 14.0;
				LD_RUNPATH_SEARCH_PATHS = (
					"$(inherited)",
					"@executable_path/Frameworks",
				);
				PRODUCT_BUNDLE_IDENTIFIER = design.goldilocks.prince;
				PRODUCT_NAME = Prince;
				SDKROOT = iphoneos;
				SWIFT_VERSION = 5.0;
				TARGETED_DEVICE_FAMILY = "1,2";
				VALIDATE_PRODUCT = YES;
			};
			name = Release;
		};
		D2DD8E5325202E5E009A70E4 /* Debug */ = {
			isa = XCBuildConfiguration;
			buildSettings = {
				ASSETCATALOG_COMPILER_APPICON_NAME = AppIcon;
				ASSETCATALOG_COMPILER_GLOBAL_ACCENT_COLOR_NAME = AccentColor;
				CODE_SIGN_ENTITLEMENTS = macOS/macOS.entitlements;
				CODE_SIGN_STYLE = Automatic;
				COMBINE_HIDPI_IMAGES = YES;
				DEVELOPMENT_TEAM = A74TX23J32;
				ENABLE_HARDENED_RUNTIME = YES;
				ENABLE_PREVIEWS = YES;
				INFOPLIST_FILE = macOS/Info.plist;
				LD_RUNPATH_SEARCH_PATHS = (
					"$(inherited)",
					"@executable_path/../Frameworks",
				);
				MACOSX_DEPLOYMENT_TARGET = 11.0;
				PRODUCT_BUNDLE_IDENTIFIER = design.goldilocks.prince;
				PRODUCT_NAME = Prince;
				SDKROOT = macosx;
				SWIFT_VERSION = 5.0;
			};
			name = Debug;
		};
		D2DD8E5425202E5E009A70E4 /* Release */ = {
			isa = XCBuildConfiguration;
			buildSettings = {
				ASSETCATALOG_COMPILER_APPICON_NAME = AppIcon;
				ASSETCATALOG_COMPILER_GLOBAL_ACCENT_COLOR_NAME = AccentColor;
				CODE_SIGN_ENTITLEMENTS = macOS/macOS.entitlements;
				CODE_SIGN_STYLE = Automatic;
				COMBINE_HIDPI_IMAGES = YES;
				DEVELOPMENT_TEAM = A74TX23J32;
				ENABLE_HARDENED_RUNTIME = YES;
				ENABLE_PREVIEWS = YES;
				INFOPLIST_FILE = macOS/Info.plist;
				LD_RUNPATH_SEARCH_PATHS = (
					"$(inherited)",
					"@executable_path/../Frameworks",
				);
				MACOSX_DEPLOYMENT_TARGET = 11.0;
				PRODUCT_BUNDLE_IDENTIFIER = design.goldilocks.prince;
				PRODUCT_NAME = Prince;
				SDKROOT = macosx;
				SWIFT_VERSION = 5.0;
			};
			name = Release;
		};
		D2DD8E5625202E5E009A70E4 /* Debug */ = {
			isa = XCBuildConfiguration;
			buildSettings = {
				ALWAYS_EMBED_SWIFT_STANDARD_LIBRARIES = YES;
				CODE_SIGN_STYLE = Automatic;
				DEVELOPMENT_TEAM = A74TX23J32;
				INFOPLIST_FILE = "Tests iOS/Info.plist";
				IPHONEOS_DEPLOYMENT_TARGET = 14.2;
				LD_RUNPATH_SEARCH_PATHS = (
					"$(inherited)",
					"@executable_path/Frameworks",
					"@loader_path/Frameworks",
				);
				PRODUCT_BUNDLE_IDENTIFIER = "design.goldilocks.Tests-iOS";
				PRODUCT_NAME = "$(TARGET_NAME)";
				SDKROOT = iphoneos;
				SWIFT_VERSION = 5.0;
				TARGETED_DEVICE_FAMILY = "1,2";
				TEST_TARGET_NAME = "prince (iOS)";
			};
			name = Debug;
		};
		D2DD8E5725202E5E009A70E4 /* Release */ = {
			isa = XCBuildConfiguration;
			buildSettings = {
				ALWAYS_EMBED_SWIFT_STANDARD_LIBRARIES = YES;
				CODE_SIGN_STYLE = Automatic;
				DEVELOPMENT_TEAM = A74TX23J32;
				INFOPLIST_FILE = "Tests iOS/Info.plist";
				IPHONEOS_DEPLOYMENT_TARGET = 14.2;
				LD_RUNPATH_SEARCH_PATHS = (
					"$(inherited)",
					"@executable_path/Frameworks",
					"@loader_path/Frameworks",
				);
				PRODUCT_BUNDLE_IDENTIFIER = "design.goldilocks.Tests-iOS";
				PRODUCT_NAME = "$(TARGET_NAME)";
				SDKROOT = iphoneos;
				SWIFT_VERSION = 5.0;
				TARGETED_DEVICE_FAMILY = "1,2";
				TEST_TARGET_NAME = "prince (iOS)";
				VALIDATE_PRODUCT = YES;
			};
			name = Release;
		};
		D2DD8E5925202E5E009A70E4 /* Debug */ = {
			isa = XCBuildConfiguration;
			buildSettings = {
				ALWAYS_EMBED_SWIFT_STANDARD_LIBRARIES = YES;
				CODE_SIGN_STYLE = Automatic;
				COMBINE_HIDPI_IMAGES = YES;
				DEVELOPMENT_TEAM = A74TX23J32;
				INFOPLIST_FILE = "Tests macOS/Info.plist";
				LD_RUNPATH_SEARCH_PATHS = (
					"$(inherited)",
					"@executable_path/../Frameworks",
					"@loader_path/../Frameworks",
				);
				MACOSX_DEPLOYMENT_TARGET = 11.0;
				PRODUCT_BUNDLE_IDENTIFIER = "design.goldilocks.Tests-macOS";
				PRODUCT_NAME = "$(TARGET_NAME)";
				SDKROOT = macosx;
				SWIFT_VERSION = 5.0;
				TEST_TARGET_NAME = "prince (macOS)";
			};
			name = Debug;
		};
		D2DD8E5A25202E5E009A70E4 /* Release */ = {
			isa = XCBuildConfiguration;
			buildSettings = {
				ALWAYS_EMBED_SWIFT_STANDARD_LIBRARIES = YES;
				CODE_SIGN_STYLE = Automatic;
				COMBINE_HIDPI_IMAGES = YES;
				DEVELOPMENT_TEAM = A74TX23J32;
				INFOPLIST_FILE = "Tests macOS/Info.plist";
				LD_RUNPATH_SEARCH_PATHS = (
					"$(inherited)",
					"@executable_path/../Frameworks",
					"@loader_path/../Frameworks",
				);
				MACOSX_DEPLOYMENT_TARGET = 11.0;
				PRODUCT_BUNDLE_IDENTIFIER = "design.goldilocks.Tests-macOS";
				PRODUCT_NAME = "$(TARGET_NAME)";
				SDKROOT = macosx;
				SWIFT_VERSION = 5.0;
				TEST_TARGET_NAME = "prince (macOS)";
			};
			name = Release;
		};
/* End XCBuildConfiguration section */

/* Begin XCConfigurationList section */
		D2DD8E1C25202E5A009A70E4 /* Build configuration list for PBXProject "Prince" */ = {
			isa = XCConfigurationList;
			buildConfigurations = (
				D2DD8E4D25202E5E009A70E4 /* Debug */,
				D2DD8E4E25202E5E009A70E4 /* Release */,
			);
			defaultConfigurationIsVisible = 0;
			defaultConfigurationName = Release;
		};
		D2DD8E4F25202E5E009A70E4 /* Build configuration list for PBXNativeTarget "Prince (iOS)" */ = {
			isa = XCConfigurationList;
			buildConfigurations = (
				D2DD8E5025202E5E009A70E4 /* Debug */,
				D2DD8E5125202E5E009A70E4 /* Release */,
			);
			defaultConfigurationIsVisible = 0;
			defaultConfigurationName = Release;
		};
		D2DD8E5225202E5E009A70E4 /* Build configuration list for PBXNativeTarget "Prince (macOS)" */ = {
			isa = XCConfigurationList;
			buildConfigurations = (
				D2DD8E5325202E5E009A70E4 /* Debug */,
				D2DD8E5425202E5E009A70E4 /* Release */,
			);
			defaultConfigurationIsVisible = 0;
			defaultConfigurationName = Release;
		};
		D2DD8E5525202E5E009A70E4 /* Build configuration list for PBXNativeTarget "Tests iOS" */ = {
			isa = XCConfigurationList;
			buildConfigurations = (
				D2DD8E5625202E5E009A70E4 /* Debug */,
				D2DD8E5725202E5E009A70E4 /* Release */,
			);
			defaultConfigurationIsVisible = 0;
			defaultConfigurationName = Release;
		};
		D2DD8E5825202E5E009A70E4 /* Build configuration list for PBXNativeTarget "Tests macOS" */ = {
			isa = XCConfigurationList;
			buildConfigurations = (
				D2DD8E5925202E5E009A70E4 /* Debug */,
				D2DD8E5A25202E5E009A70E4 /* Release */,
			);
			defaultConfigurationIsVisible = 0;
			defaultConfigurationName = Release;
		};
/* End XCConfigurationList section */
	};
	rootObject = D2DD8E1925202E5A009A70E4 /* Project object */;
}
