// !$*UTF8*$!
{
	archiveVersion = 1;
	classes = {
	};
	objectVersion = 50;
	objects = {

/* Begin PBXBuildFile section */
		D221C4C925223C1200A59748 /* PrinceModel.swift in Sources */ = {isa = PBXBuildFile; fileRef = D221C4C825223C1200A59748 /* PrinceModel.swift */; };
		D221C4CA25223C1200A59748 /* PrinceModel.swift in Sources */ = {isa = PBXBuildFile; fileRef = D221C4C825223C1200A59748 /* PrinceModel.swift */; };
		D221C4CB25223C1200A59748 /* PrinceModel.swift in Sources */ = {isa = PBXBuildFile; fileRef = D221C4C825223C1200A59748 /* PrinceModel.swift */; };
		D221C4F32522582F00A59748 /* PrintStatusWidget.swift in Sources */ = {isa = PBXBuildFile; fileRef = D221C4F22522582F00A59748 /* PrintStatusWidget.swift */; };
		D221C4F42522582F00A59748 /* PrintStatusWidget.swift in Sources */ = {isa = PBXBuildFile; fileRef = D221C4F22522582F00A59748 /* PrintStatusWidget.swift */; };
		D221C4F52522582F00A59748 /* PrintStatusWidget.swift in Sources */ = {isa = PBXBuildFile; fileRef = D221C4F22522582F00A59748 /* PrintStatusWidget.swift */; };
		D23B0DD9252290F500CC9E34 /* Octoprint.swift in Sources */ = {isa = PBXBuildFile; fileRef = D23B0DD8252290F500CC9E34 /* Octoprint.swift */; };
		D23B0DDA252290F500CC9E34 /* Octoprint.swift in Sources */ = {isa = PBXBuildFile; fileRef = D23B0DD8252290F500CC9E34 /* Octoprint.swift */; };
		D23B0DDB252290F500CC9E34 /* Octoprint.swift in Sources */ = {isa = PBXBuildFile; fileRef = D23B0DD8252290F500CC9E34 /* Octoprint.swift */; };
		D28086032522D13A002041D4 /* CodeScanner.swift in Sources */ = {isa = PBXBuildFile; fileRef = D28086022522D13A002041D4 /* CodeScanner.swift */; };
		D280860A2522D1D3002041D4 /* ScannerView.swift in Sources */ = {isa = PBXBuildFile; fileRef = D28086092522D1D3002041D4 /* ScannerView.swift */; };
		D28A51692521725000C7D9E0 /* WidgetKit.framework in Frameworks */ = {isa = PBXBuildFile; fileRef = D28A51682521725000C7D9E0 /* WidgetKit.framework */; };
		D28A516B2521725000C7D9E0 /* SwiftUI.framework in Frameworks */ = {isa = PBXBuildFile; fileRef = D28A516A2521725000C7D9E0 /* SwiftUI.framework */; };
		D28A516E2521725000C7D9E0 /* PrinceWidgets.swift in Sources */ = {isa = PBXBuildFile; fileRef = D28A516D2521725000C7D9E0 /* PrinceWidgets.swift */; };
		D28A51702521725300C7D9E0 /* Assets.xcassets in Resources */ = {isa = PBXBuildFile; fileRef = D28A516F2521725300C7D9E0 /* Assets.xcassets */; };
		D28A51742521725300C7D9E0 /* PrinceWidgetExtension.appex in Embed App Extensions */ = {isa = PBXBuildFile; fileRef = D28A51662521725000C7D9E0 /* PrinceWidgetExtension.appex */; settings = {ATTRIBUTES = (RemoveHeadersOnCopy, ); }; };
		D2DD8E4725202E5E009A70E4 /* PrinceApp.swift in Sources */ = {isa = PBXBuildFile; fileRef = D2DD8E1E25202E5B009A70E4 /* PrinceApp.swift */; };
		D2DD8E4825202E5E009A70E4 /* PrinceApp.swift in Sources */ = {isa = PBXBuildFile; fileRef = D2DD8E1E25202E5B009A70E4 /* PrinceApp.swift */; };
		D2DD8E4925202E5E009A70E4 /* ContentView.swift in Sources */ = {isa = PBXBuildFile; fileRef = D2DD8E1F25202E5B009A70E4 /* ContentView.swift */; };
		D2DD8E4A25202E5E009A70E4 /* ContentView.swift in Sources */ = {isa = PBXBuildFile; fileRef = D2DD8E1F25202E5B009A70E4 /* ContentView.swift */; };
		D2DD8E4B25202E5E009A70E4 /* Assets.xcassets in Resources */ = {isa = PBXBuildFile; fileRef = D2DD8E2025202E5E009A70E4 /* Assets.xcassets */; };
		D2DD8E4C25202E5E009A70E4 /* Assets.xcassets in Resources */ = {isa = PBXBuildFile; fileRef = D2DD8E2025202E5E009A70E4 /* Assets.xcassets */; };
/* End PBXBuildFile section */

/* Begin PBXContainerItemProxy section */
		D28A51722521725300C7D9E0 /* PBXContainerItemProxy */ = {
			isa = PBXContainerItemProxy;
			containerPortal = D2DD8E1925202E5A009A70E4 /* Project object */;
			proxyType = 1;
			remoteGlobalIDString = D28A51652521725000C7D9E0;
			remoteInfo = PrinceWidgetExtension;
		};
/* End PBXContainerItemProxy section */

/* Begin PBXCopyFilesBuildPhase section */
		D28A51782521725300C7D9E0 /* Embed App Extensions */ = {
			isa = PBXCopyFilesBuildPhase;
			buildActionMask = 2147483647;
			dstPath = "";
			dstSubfolderSpec = 13;
			files = (
				D28A51742521725300C7D9E0 /* PrinceWidgetExtension.appex in Embed App Extensions */,
			);
			name = "Embed App Extensions";
			runOnlyForDeploymentPostprocessing = 0;
		};
/* End PBXCopyFilesBuildPhase section */

/* Begin PBXFileReference section */
		D221C4C825223C1200A59748 /* PrinceModel.swift */ = {isa = PBXFileReference; lastKnownFileType = sourcecode.swift; path = PrinceModel.swift; sourceTree = "<group>"; };
		D221C4F22522582F00A59748 /* PrintStatusWidget.swift */ = {isa = PBXFileReference; lastKnownFileType = sourcecode.swift; path = PrintStatusWidget.swift; sourceTree = "<group>"; };
		D23B0DD8252290F500CC9E34 /* Octoprint.swift */ = {isa = PBXFileReference; fileEncoding = 4; lastKnownFileType = sourcecode.swift; path = Octoprint.swift; sourceTree = "<group>"; };
		D28086022522D13A002041D4 /* CodeScanner.swift */ = {isa = PBXFileReference; lastKnownFileType = sourcecode.swift; path = CodeScanner.swift; sourceTree = "<group>"; };
		D28086092522D1D3002041D4 /* ScannerView.swift */ = {isa = PBXFileReference; fileEncoding = 4; lastKnownFileType = sourcecode.swift; path = ScannerView.swift; sourceTree = "<group>"; };
		D28086282522DD20002041D4 /* Prince.entitlements */ = {isa = PBXFileReference; lastKnownFileType = text.plist.entitlements; path = Prince.entitlements; sourceTree = "<group>"; };
		D280862C2522DD56002041D4 /* PrinceWidgetExtension.entitlements */ = {isa = PBXFileReference; lastKnownFileType = text.plist.entitlements; path = PrinceWidgetExtension.entitlements; sourceTree = "<group>"; };
		D28A51662521725000C7D9E0 /* PrinceWidgetExtension.appex */ = {isa = PBXFileReference; explicitFileType = "wrapper.app-extension"; includeInIndex = 0; path = PrinceWidgetExtension.appex; sourceTree = BUILT_PRODUCTS_DIR; };
		D28A51682521725000C7D9E0 /* WidgetKit.framework */ = {isa = PBXFileReference; lastKnownFileType = wrapper.framework; name = WidgetKit.framework; path = System/Library/Frameworks/WidgetKit.framework; sourceTree = SDKROOT; };
		D28A516A2521725000C7D9E0 /* SwiftUI.framework */ = {isa = PBXFileReference; lastKnownFileType = wrapper.framework; name = SwiftUI.framework; path = System/Library/Frameworks/SwiftUI.framework; sourceTree = SDKROOT; };
		D28A516D2521725000C7D9E0 /* PrinceWidgets.swift */ = {isa = PBXFileReference; lastKnownFileType = sourcecode.swift; path = PrinceWidgets.swift; sourceTree = "<group>"; };
		D28A516F2521725300C7D9E0 /* Assets.xcassets */ = {isa = PBXFileReference; lastKnownFileType = folder.assetcatalog; path = Assets.xcassets; sourceTree = "<group>"; };
		D28A51712521725300C7D9E0 /* Info.plist */ = {isa = PBXFileReference; lastKnownFileType = text.plist.xml; path = Info.plist; sourceTree = "<group>"; };
		D2DD8E1E25202E5B009A70E4 /* PrinceApp.swift */ = {isa = PBXFileReference; lastKnownFileType = sourcecode.swift; path = PrinceApp.swift; sourceTree = "<group>"; };
		D2DD8E1F25202E5B009A70E4 /* ContentView.swift */ = {isa = PBXFileReference; lastKnownFileType = sourcecode.swift; path = ContentView.swift; sourceTree = "<group>"; };
		D2DD8E2025202E5E009A70E4 /* Assets.xcassets */ = {isa = PBXFileReference; lastKnownFileType = folder.assetcatalog; path = Assets.xcassets; sourceTree = "<group>"; };
		D2DD8E2525202E5E009A70E4 /* Prince.app */ = {isa = PBXFileReference; explicitFileType = wrapper.application; includeInIndex = 0; path = Prince.app; sourceTree = BUILT_PRODUCTS_DIR; };
		D2DD8E2825202E5E009A70E4 /* Info.plist */ = {isa = PBXFileReference; lastKnownFileType = text.plist.xml; path = Info.plist; sourceTree = "<group>"; };
		D2DD8E2D25202E5E009A70E4 /* Prince.app */ = {isa = PBXFileReference; explicitFileType = wrapper.application; includeInIndex = 0; path = Prince.app; sourceTree = BUILT_PRODUCTS_DIR; };
		D2DD8E2F25202E5E009A70E4 /* Info.plist */ = {isa = PBXFileReference; lastKnownFileType = text.plist.xml; path = Info.plist; sourceTree = "<group>"; };
		D2DD8E3025202E5E009A70E4 /* macOS.entitlements */ = {isa = PBXFileReference; lastKnownFileType = text.plist.entitlements; path = macOS.entitlements; sourceTree = "<group>"; };
/* End PBXFileReference section */

/* Begin PBXFrameworksBuildPhase section */
		D28A51632521725000C7D9E0 /* Frameworks */ = {
			isa = PBXFrameworksBuildPhase;
			buildActionMask = 2147483647;
			files = (
				D28A516B2521725000C7D9E0 /* SwiftUI.framework in Frameworks */,
				D28A51692521725000C7D9E0 /* WidgetKit.framework in Frameworks */,
			);
			runOnlyForDeploymentPostprocessing = 0;
		};
		D2DD8E2225202E5E009A70E4 /* Frameworks */ = {
			isa = PBXFrameworksBuildPhase;
			buildActionMask = 2147483647;
			files = (
			);
			runOnlyForDeploymentPostprocessing = 0;
		};
		D2DD8E2A25202E5E009A70E4 /* Frameworks */ = {
			isa = PBXFrameworksBuildPhase;
			buildActionMask = 2147483647;
			files = (
			);
			runOnlyForDeploymentPostprocessing = 0;
		};
/* End PBXFrameworksBuildPhase section */

/* Begin PBXGroup section */
		D221C4D325223C5800A59748 /* Model */ = {
			isa = PBXGroup;
			children = (
				D221C4C825223C1200A59748 /* PrinceModel.swift */,
			);
			path = Model;
			sourceTree = "<group>";
		};
		D23B0DE1252290FB00CC9E34 /* API */ = {
			isa = PBXGroup;
			children = (
				D23B0DD8252290F500CC9E34 /* Octoprint.swift */,
			);
			path = API;
			sourceTree = "<group>";
		};
		D28A51672521725000C7D9E0 /* Frameworks */ = {
			isa = PBXGroup;
			children = (
				D28A51682521725000C7D9E0 /* WidgetKit.framework */,
				D28A516A2521725000C7D9E0 /* SwiftUI.framework */,
			);
			name = Frameworks;
			sourceTree = "<group>";
		};
		D28A516C2521725000C7D9E0 /* PrinceWidget */ = {
			isa = PBXGroup;
			children = (
				D28A516D2521725000C7D9E0 /* PrinceWidgets.swift */,
				D221C4F22522582F00A59748 /* PrintStatusWidget.swift */,
				D28A516F2521725300C7D9E0 /* Assets.xcassets */,
				D28A51712521725300C7D9E0 /* Info.plist */,
			);
			path = PrinceWidget;
			sourceTree = "<group>";
		};
		D2DD8E1825202E5A009A70E4 = {
			isa = PBXGroup;
			children = (
				D280862C2522DD56002041D4 /* PrinceWidgetExtension.entitlements */,
				D28086282522DD20002041D4 /* Prince.entitlements */,
				D2DD8E1D25202E5B009A70E4 /* Shared */,
				D2DD8E2725202E5E009A70E4 /* iOS */,
				D2DD8E2E25202E5E009A70E4 /* macOS */,
				D28A516C2521725000C7D9E0 /* PrinceWidget */,
				D28A51672521725000C7D9E0 /* Frameworks */,
				D2DD8E2625202E5E009A70E4 /* Products */,
			);
			sourceTree = "<group>";
		};
		D2DD8E1D25202E5B009A70E4 /* Shared */ = {
			isa = PBXGroup;
			children = (
				D2DD8E1E25202E5B009A70E4 /* PrinceApp.swift */,
				D2DD8E1F25202E5B009A70E4 /* ContentView.swift */,
				D28086092522D1D3002041D4 /* ScannerView.swift */,
				D2DD8E2025202E5E009A70E4 /* Assets.xcassets */,
				D221C4D325223C5800A59748 /* Model */,
				D23B0DE1252290FB00CC9E34 /* API */,
			);
			path = Shared;
			sourceTree = "<group>";
		};
		D2DD8E2625202E5E009A70E4 /* Products */ = {
			isa = PBXGroup;
			children = (
				D2DD8E2525202E5E009A70E4 /* Prince.app */,
				D2DD8E2D25202E5E009A70E4 /* Prince.app */,
				D28A51662521725000C7D9E0 /* PrinceWidgetExtension.appex */,
			);
			name = Products;
			sourceTree = "<group>";
		};
		D2DD8E2725202E5E009A70E4 /* iOS */ = {
			isa = PBXGroup;
			children = (
				D2DD8E2825202E5E009A70E4 /* Info.plist */,
				D28086022522D13A002041D4 /* CodeScanner.swift */,
			);
			path = iOS;
			sourceTree = "<group>";
		};
		D2DD8E2E25202E5E009A70E4 /* macOS */ = {
			isa = PBXGroup;
			children = (
				D2DD8E2F25202E5E009A70E4 /* Info.plist */,
				D2DD8E3025202E5E009A70E4 /* macOS.entitlements */,
			);
			path = macOS;
			sourceTree = "<group>";
		};
/* End PBXGroup section */

/* Begin PBXNativeTarget section */
		D28A51652521725000C7D9E0 /* PrinceWidgetExtension */ = {
			isa = PBXNativeTarget;
			buildConfigurationList = D28A51752521725300C7D9E0 /* Build configuration list for PBXNativeTarget "PrinceWidgetExtension" */;
			buildPhases = (
				D28A51622521725000C7D9E0 /* Sources */,
				D28A51632521725000C7D9E0 /* Frameworks */,
				D28A51642521725000C7D9E0 /* Resources */,
			);
			buildRules = (
			);
			dependencies = (
			);
			name = PrinceWidgetExtension;
			productName = PrinceWidgetExtension;
			productReference = D28A51662521725000C7D9E0 /* PrinceWidgetExtension.appex */;
			productType = "com.apple.product-type.app-extension";
		};
		D2DD8E2425202E5E009A70E4 /* Prince (iOS) */ = {
			isa = PBXNativeTarget;
			buildConfigurationList = D2DD8E4F25202E5E009A70E4 /* Build configuration list for PBXNativeTarget "Prince (iOS)" */;
			buildPhases = (
				D2DD8E2125202E5E009A70E4 /* Sources */,
				D2DD8E2225202E5E009A70E4 /* Frameworks */,
				D2DD8E2325202E5E009A70E4 /* Resources */,
				D28A51782521725300C7D9E0 /* Embed App Extensions */,
			);
			buildRules = (
			);
			dependencies = (
				D28A51732521725300C7D9E0 /* PBXTargetDependency */,
			);
			name = "Prince (iOS)";
			productName = "prince (iOS)";
			productReference = D2DD8E2525202E5E009A70E4 /* Prince.app */;
			productType = "com.apple.product-type.application";
		};
		D2DD8E2C25202E5E009A70E4 /* Prince (macOS) */ = {
			isa = PBXNativeTarget;
			buildConfigurationList = D2DD8E5225202E5E009A70E4 /* Build configuration list for PBXNativeTarget "Prince (macOS)" */;
			buildPhases = (
				D2DD8E2925202E5E009A70E4 /* Sources */,
				D2DD8E2A25202E5E009A70E4 /* Frameworks */,
				D2DD8E2B25202E5E009A70E4 /* Resources */,
			);
			buildRules = (
			);
			dependencies = (
			);
			name = "Prince (macOS)";
			productName = "prince (macOS)";
			productReference = D2DD8E2D25202E5E009A70E4 /* Prince.app */;
			productType = "com.apple.product-type.application";
		};
/* End PBXNativeTarget section */

/* Begin PBXProject section */
		D2DD8E1925202E5A009A70E4 /* Project object */ = {
			isa = PBXProject;
			attributes = {
				LastSwiftUpdateCheck = 1220;
				LastUpgradeCheck = 1220;
				TargetAttributes = {
					D28A51652521725000C7D9E0 = {
						CreatedOnToolsVersion = 12.2;
					};
					D2DD8E2425202E5E009A70E4 = {
						CreatedOnToolsVersion = 12.2;
					};
					D2DD8E2C25202E5E009A70E4 = {
						CreatedOnToolsVersion = 12.2;
					};
				};
			};
			buildConfigurationList = D2DD8E1C25202E5A009A70E4 /* Build configuration list for PBXProject "Prince" */;
			compatibilityVersion = "Xcode 9.3";
			developmentRegion = en;
			hasScannedForEncodings = 0;
			knownRegions = (
				en,
				Base,
			);
			mainGroup = D2DD8E1825202E5A009A70E4;
			productRefGroup = D2DD8E2625202E5E009A70E4 /* Products */;
			projectDirPath = "";
			projectRoot = "";
			targets = (
				D2DD8E2425202E5E009A70E4 /* Prince (iOS) */,
				D2DD8E2C25202E5E009A70E4 /* Prince (macOS) */,
				D28A51652521725000C7D9E0 /* PrinceWidgetExtension */,
			);
		};
/* End PBXProject section */

/* Begin PBXResourcesBuildPhase section */
		D28A51642521725000C7D9E0 /* Resources */ = {
			isa = PBXResourcesBuildPhase;
			buildActionMask = 2147483647;
			files = (
				D28A51702521725300C7D9E0 /* Assets.xcassets in Resources */,
			);
			runOnlyForDeploymentPostprocessing = 0;
		};
		D2DD8E2325202E5E009A70E4 /* Resources */ = {
			isa = PBXResourcesBuildPhase;
			buildActionMask = 2147483647;
			files = (
				D2DD8E4B25202E5E009A70E4 /* Assets.xcassets in Resources */,
			);
			runOnlyForDeploymentPostprocessing = 0;
		};
		D2DD8E2B25202E5E009A70E4 /* Resources */ = {
			isa = PBXResourcesBuildPhase;
			buildActionMask = 2147483647;
			files = (
				D2DD8E4C25202E5E009A70E4 /* Assets.xcassets in Resources */,
			);
			runOnlyForDeploymentPostprocessing = 0;
		};
/* End PBXResourcesBuildPhase section */

/* Begin PBXSourcesBuildPhase section */
		D28A51622521725000C7D9E0 /* Sources */ = {
			isa = PBXSourcesBuildPhase;
			buildActionMask = 2147483647;
			files = (
				D23B0DDB252290F500CC9E34 /* Octoprint.swift in Sources */,
				D221C4F52522582F00A59748 /* PrintStatusWidget.swift in Sources */,
				D221C4CB25223C1200A59748 /* PrinceModel.swift in Sources */,
				D28A516E2521725000C7D9E0 /* PrinceWidgets.swift in Sources */,
			);
			runOnlyForDeploymentPostprocessing = 0;
		};
		D2DD8E2125202E5E009A70E4 /* Sources */ = {
			isa = PBXSourcesBuildPhase;
			buildActionMask = 2147483647;
			files = (
				D2DD8E4925202E5E009A70E4 /* ContentView.swift in Sources */,
				D2DD8E4725202E5E009A70E4 /* PrinceApp.swift in Sources */,
				D23B0DD9252290F500CC9E34 /* Octoprint.swift in Sources */,
				D28086032522D13A002041D4 /* CodeScanner.swift in Sources */,
				D221C4C925223C1200A59748 /* PrinceModel.swift in Sources */,
				D280860A2522D1D3002041D4 /* ScannerView.swift in Sources */,
				D221C4F32522582F00A59748 /* PrintStatusWidget.swift in Sources */,
			);
			runOnlyForDeploymentPostprocessing = 0;
		};
		D2DD8E2925202E5E009A70E4 /* Sources */ = {
			isa = PBXSourcesBuildPhase;
			buildActionMask = 2147483647;
			files = (
				D2DD8E4A25202E5E009A70E4 /* ContentView.swift in Sources */,
				D2DD8E4825202E5E009A70E4 /* PrinceApp.swift in Sources */,
				D23B0DDA252290F500CC9E34 /* Octoprint.swift in Sources */,
				D221C4CA25223C1200A59748 /* PrinceModel.swift in Sources */,
				D221C4F42522582F00A59748 /* PrintStatusWidget.swift in Sources */,
			);
			runOnlyForDeploymentPostprocessing = 0;
		};
/* End PBXSourcesBuildPhase section */

/* Begin PBXTargetDependency section */
		D28A51732521725300C7D9E0 /* PBXTargetDependency */ = {
			isa = PBXTargetDependency;
			target = D28A51652521725000C7D9E0 /* PrinceWidgetExtension */;
			targetProxy = D28A51722521725300C7D9E0 /* PBXContainerItemProxy */;
		};
/* End PBXTargetDependency section */

/* Begin XCBuildConfiguration section */
		D28A51762521725300C7D9E0 /* Debug */ = {
			isa = XCBuildConfiguration;
			buildSettings = {
				ASSETCATALOG_COMPILER_GLOBAL_ACCENT_COLOR_NAME = AccentColor;
				ASSETCATALOG_COMPILER_WIDGET_BACKGROUND_COLOR_NAME = WidgetBackground;
				CODE_SIGN_ENTITLEMENTS = PrinceWidgetExtension.entitlements;
				CODE_SIGN_STYLE = Automatic;
				DEVELOPMENT_TEAM = A74TX23J32;
				INFOPLIST_FILE = PrinceWidget/Info.plist;
				IPHONEOS_DEPLOYMENT_TARGET = 14.2;
				LD_RUNPATH_SEARCH_PATHS = (
					"$(inherited)",
					"@executable_path/Frameworks",
					"@executable_path/../../Frameworks",
				);
				PRODUCT_BUNDLE_IDENTIFIER = design.goldilocks.prince.PrinceWidget;
				PRODUCT_NAME = "$(TARGET_NAME)";
				SDKROOT = iphoneos;
				SKIP_INSTALL = YES;
				SWIFT_VERSION = 5.0;
				TARGETED_DEVICE_FAMILY = "1,2";
			};
			name = Debug;
		};
		D28A51772521725300C7D9E0 /* Release */ = {
			isa = XCBuildConfiguration;
			buildSettings = {
				ASSETCATALOG_COMPILER_GLOBAL_ACCENT_COLOR_NAME = AccentColor;
				ASSETCATALOG_COMPILER_WIDGET_BACKGROUND_COLOR_NAME = WidgetBackground;
				CODE_SIGN_ENTITLEMENTS = PrinceWidgetExtension.entitlements;
				CODE_SIGN_STYLE = Automatic;
				DEVELOPMENT_TEAM = A74TX23J32;
				INFOPLIST_FILE = PrinceWidget/Info.plist;
				IPHONEOS_DEPLOYMENT_TARGET = 14.2;
				LD_RUNPATH_SEARCH_PATHS = (
					"$(inherited)",
					"@executable_path/Frameworks",
					"@executable_path/../../Frameworks",
				);
				PRODUCT_BUNDLE_IDENTIFIER = design.goldilocks.prince.PrinceWidget;
				PRODUCT_NAME = "$(TARGET_NAME)";
				SDKROOT = iphoneos;
				SKIP_INSTALL = YES;
				SWIFT_VERSION = 5.0;
				TARGETED_DEVICE_FAMILY = "1,2";
				VALIDATE_PRODUCT = YES;
			};
			name = Release;
		};
		D2DD8E4D25202E5E009A70E4 /* Debug */ = {
			isa = XCBuildConfiguration;
			buildSettings = {
				ALWAYS_SEARCH_USER_PATHS = NO;
				CLANG_ANALYZER_NONNULL = YES;
				CLANG_ANALYZER_NUMBER_OBJECT_CONVERSION = YES_AGGRESSIVE;
				CLANG_CXX_LANGUAGE_STANDARD = "gnu++14";
				CLANG_CXX_LIBRARY = "libc++";
				CLANG_ENABLE_MODULES = YES;
				CLANG_ENABLE_OBJC_ARC = YES;
				CLANG_ENABLE_OBJC_WEAK = YES;
				CLANG_WARN_BLOCK_CAPTURE_AUTORELEASING = YES;
				CLANG_WARN_BOOL_CONVERSION = YES;
				CLANG_WARN_COMMA = YES;
				CLANG_WARN_CONSTANT_CONVERSION = YES;
				CLANG_WARN_DEPRECATED_OBJC_IMPLEMENTATIONS = YES;
				CLANG_WARN_DIRECT_OBJC_ISA_USAGE = YES_ERROR;
				CLANG_WARN_DOCUMENTATION_COMMENTS = YES;
				CLANG_WARN_EMPTY_BODY = YES;
				CLANG_WARN_ENUM_CONVERSION = YES;
				CLANG_WARN_INFINITE_RECURSION = YES;
				CLANG_WARN_INT_CONVERSION = YES;
				CLANG_WARN_NON_LITERAL_NULL_CONVERSION = YES;
				CLANG_WARN_OBJC_IMPLICIT_RETAIN_SELF = YES;
				CLANG_WARN_OBJC_LITERAL_CONVERSION = YES;
				CLANG_WARN_OBJC_ROOT_CLASS = YES_ERROR;
				CLANG_WARN_QUOTED_INCLUDE_IN_FRAMEWORK_HEADER = YES;
				CLANG_WARN_RANGE_LOOP_ANALYSIS = YES;
				CLANG_WARN_STRICT_PROTOTYPES = YES;
				CLANG_WARN_SUSPICIOUS_MOVE = YES;
				CLANG_WARN_UNGUARDED_AVAILABILITY = YES_AGGRESSIVE;
				CLANG_WARN_UNREACHABLE_CODE = YES;
				CLANG_WARN__DUPLICATE_METHOD_MATCH = YES;
				COPY_PHASE_STRIP = NO;
				DEBUG_INFORMATION_FORMAT = dwarf;
				ENABLE_STRICT_OBJC_MSGSEND = YES;
				ENABLE_TESTABILITY = YES;
				GCC_C_LANGUAGE_STANDARD = gnu11;
				GCC_DYNAMIC_NO_PIC = NO;
				GCC_NO_COMMON_BLOCKS = YES;
				GCC_OPTIMIZATION_LEVEL = 0;
				GCC_PREPROCESSOR_DEFINITIONS = (
					"DEBUG=1",
					"$(inherited)",
				);
				GCC_WARN_64_TO_32_BIT_CONVERSION = YES;
				GCC_WARN_ABOUT_RETURN_TYPE = YES_ERROR;
				GCC_WARN_UNDECLARED_SELECTOR = YES;
				GCC_WARN_UNINITIALIZED_AUTOS = YES_AGGRESSIVE;
				GCC_WARN_UNUSED_FUNCTION = YES;
				GCC_WARN_UNUSED_VARIABLE = YES;
				MTL_ENABLE_DEBUG_INFO = INCLUDE_SOURCE;
				MTL_FAST_MATH = YES;
				ONLY_ACTIVE_ARCH = YES;
				SWIFT_ACTIVE_COMPILATION_CONDITIONS = DEBUG;
				SWIFT_OPTIMIZATION_LEVEL = "-Onone";
			};
			name = Debug;
		};
		D2DD8E4E25202E5E009A70E4 /* Release */ = {
			isa = XCBuildConfiguration;
			buildSettings = {
				ALWAYS_SEARCH_USER_PATHS = NO;
				CLANG_ANALYZER_NONNULL = YES;
				CLANG_ANALYZER_NUMBER_OBJECT_CONVERSION = YES_AGGRESSIVE;
				CLANG_CXX_LANGUAGE_STANDARD = "gnu++14";
				CLANG_CXX_LIBRARY = "libc++";
				CLANG_ENABLE_MODULES = YES;
				CLANG_ENABLE_OBJC_ARC = YES;
				CLANG_ENABLE_OBJC_WEAK = YES;
				CLANG_WARN_BLOCK_CAPTURE_AUTORELEASING = YES;
				CLANG_WARN_BOOL_CONVERSION = YES;
				CLANG_WARN_COMMA = YES;
				CLANG_WARN_CONSTANT_CONVERSION = YES;
				CLANG_WARN_DEPRECATED_OBJC_IMPLEMENTATIONS = YES;
				CLANG_WARN_DIRECT_OBJC_ISA_USAGE = YES_ERROR;
				CLANG_WARN_DOCUMENTATION_COMMENTS = YES;
				CLANG_WARN_EMPTY_BODY = YES;
				CLANG_WARN_ENUM_CONVERSION = YES;
				CLANG_WARN_INFINITE_RECURSION = YES;
				CLANG_WARN_INT_CONVERSION = YES;
				CLANG_WARN_NON_LITERAL_NULL_CONVERSION = YES;
				CLANG_WARN_OBJC_IMPLICIT_RETAIN_SELF = YES;
				CLANG_WARN_OBJC_LITERAL_CONVERSION = YES;
				CLANG_WARN_OBJC_ROOT_CLASS = YES_ERROR;
				CLANG_WARN_QUOTED_INCLUDE_IN_FRAMEWORK_HEADER = YES;
				CLANG_WARN_RANGE_LOOP_ANALYSIS = YES;
				CLANG_WARN_STRICT_PROTOTYPES = YES;
				CLANG_WARN_SUSPICIOUS_MOVE = YES;
				CLANG_WARN_UNGUARDED_AVAILABILITY = YES_AGGRESSIVE;
				CLANG_WARN_UNREACHABLE_CODE = YES;
				CLANG_WARN__DUPLICATE_METHOD_MATCH = YES;
				COPY_PHASE_STRIP = NO;
				DEBUG_INFORMATION_FORMAT = "dwarf-with-dsym";
				ENABLE_NS_ASSERTIONS = NO;
				ENABLE_STRICT_OBJC_MSGSEND = YES;
				GCC_C_LANGUAGE_STANDARD = gnu11;
				GCC_NO_COMMON_BLOCKS = YES;
				GCC_WARN_64_TO_32_BIT_CONVERSION = YES;
				GCC_WARN_ABOUT_RETURN_TYPE = YES_ERROR;
				GCC_WARN_UNDECLARED_SELECTOR = YES;
				GCC_WARN_UNINITIALIZED_AUTOS = YES_AGGRESSIVE;
				GCC_WARN_UNUSED_FUNCTION = YES;
				GCC_WARN_UNUSED_VARIABLE = YES;
				MTL_ENABLE_DEBUG_INFO = NO;
				MTL_FAST_MATH = YES;
				SWIFT_COMPILATION_MODE = wholemodule;
				SWIFT_OPTIMIZATION_LEVEL = "-O";
			};
			name = Release;
		};
		D2DD8E5025202E5E009A70E4 /* Debug */ = {
			isa = XCBuildConfiguration;
			buildSettings = {
				ALWAYS_EMBED_SWIFT_STANDARD_LIBRARIES = YES;
				ASSETCATALOG_COMPILER_APPICON_NAME = AppIcon;
				ASSETCATALOG_COMPILER_GLOBAL_ACCENT_COLOR_NAME = AccentColor;
				CODE_SIGN_ENTITLEMENTS = Prince.entitlements;
				CODE_SIGN_STYLE = Automatic;
				DEVELOPMENT_TEAM = A74TX23J32;
				ENABLE_PREVIEWS = YES;
				INFOPLIST_FILE = iOS/Info.plist;
				IPHONEOS_DEPLOYMENT_TARGET = 14.0;
				LD_RUNPATH_SEARCH_PATHS = (
					"$(inherited)",
					"@executable_path/Frameworks",
				);
				PRODUCT_BUNDLE_IDENTIFIER = design.goldilocks.prince;
				PRODUCT_NAME = Prince;
				SDKROOT = iphoneos;
				SWIFT_VERSION = 5.0;
				TARGETED_DEVICE_FAMILY = "1,2";
			};
			name = Debug;
		};
		D2DD8E5125202E5E009A70E4 /* Release */ = {
			isa = XCBuildConfiguration;
			buildSettings = {
				ALWAYS_EMBED_SWIFT_STANDARD_LIBRARIES = YES;
				ASSETCATALOG_COMPILER_APPICON_NAME = AppIcon;
				ASSETCATALOG_COMPILER_GLOBAL_ACCENT_COLOR_NAME = AccentColor;
				CODE_SIGN_ENTITLEMENTS = Prince.entitlements;
				CODE_SIGN_STYLE = Automatic;
				DEVELOPMENT_TEAM = A74TX23J32;
				ENABLE_PREVIEWS = YES;
				INFOPLIST_FILE = iOS/Info.plist;
				IPHONEOS_DEPLOYMENT_TARGET = 14.0;
				LD_RUNPATH_SEARCH_PATHS = (
					"$(inherited)",
					"@executable_path/Frameworks",
				);
				PRODUCT_BUNDLE_IDENTIFIER = design.goldilocks.prince;
				PRODUCT_NAME = Prince;
				SDKROOT = iphoneos;
				SWIFT_VERSION = 5.0;
				TARGETED_DEVICE_FAMILY = "1,2";
				VALIDATE_PRODUCT = YES;
			};
			name = Release;
		};
		D2DD8E5325202E5E009A70E4 /* Debug */ = {
			isa = XCBuildConfiguration;
			buildSettings = {
				ASSETCATALOG_COMPILER_APPICON_NAME = AppIcon;
				ASSETCATALOG_COMPILER_GLOBAL_ACCENT_COLOR_NAME = AccentColor;
				CODE_SIGN_ENTITLEMENTS = macOS/macOS.entitlements;
				CODE_SIGN_STYLE = Automatic;
				COMBINE_HIDPI_IMAGES = YES;
				DEVELOPMENT_TEAM = A74TX23J32;
				ENABLE_HARDENED_RUNTIME = YES;
				ENABLE_PREVIEWS = YES;
				INFOPLIST_FILE = macOS/Info.plist;
				LD_RUNPATH_SEARCH_PATHS = (
					"$(inherited)",
					"@executable_path/../Frameworks",
				);
				MACOSX_DEPLOYMENT_TARGET = 11.0;
				PRODUCT_BUNDLE_IDENTIFIER = design.goldilocks.prince;
				PRODUCT_NAME = Prince;
				SDKROOT = macosx;
				SWIFT_VERSION = 5.0;
			};
			name = Debug;
		};
		D2DD8E5425202E5E009A70E4 /* Release */ = {
			isa = XCBuildConfiguration;
			buildSettings = {
				ASSETCATALOG_COMPILER_APPICON_NAME = AppIcon;
				ASSETCATALOG_COMPILER_GLOBAL_ACCENT_COLOR_NAME = AccentColor;
				CODE_SIGN_ENTITLEMENTS = macOS/macOS.entitlements;
				CODE_SIGN_STYLE = Automatic;
				COMBINE_HIDPI_IMAGES = YES;
				DEVELOPMENT_TEAM = A74TX23J32;
				ENABLE_HARDENED_RUNTIME = YES;
				ENABLE_PREVIEWS = YES;
				INFOPLIST_FILE = macOS/Info.plist;
				LD_RUNPATH_SEARCH_PATHS = (
					"$(inherited)",
					"@executable_path/../Frameworks",
				);
				MACOSX_DEPLOYMENT_TARGET = 11.0;
				PRODUCT_BUNDLE_IDENTIFIER = design.goldilocks.prince;
				PRODUCT_NAME = Prince;
				SDKROOT = macosx;
				SWIFT_VERSION = 5.0;
			};
			name = Release;
		};
/* End XCBuildConfiguration section */

/* Begin XCConfigurationList section */
		D28A51752521725300C7D9E0 /* Build configuration list for PBXNativeTarget "PrinceWidgetExtension" */ = {
			isa = XCConfigurationList;
			buildConfigurations = (
				D28A51762521725300C7D9E0 /* Debug */,
				D28A51772521725300C7D9E0 /* Release */,
			);
			defaultConfigurationIsVisible = 0;
			defaultConfigurationName = Release;
		};
		D2DD8E1C25202E5A009A70E4 /* Build configuration list for PBXProject "Prince" */ = {
			isa = XCConfigurationList;
			buildConfigurations = (
				D2DD8E4D25202E5E009A70E4 /* Debug */,
				D2DD8E4E25202E5E009A70E4 /* Release */,
			);
			defaultConfigurationIsVisible = 0;
			defaultConfigurationName = Release;
		};
		D2DD8E4F25202E5E009A70E4 /* Build configuration list for PBXNativeTarget "Prince (iOS)" */ = {
			isa = XCConfigurationList;
			buildConfigurations = (
				D2DD8E5025202E5E009A70E4 /* Debug */,
				D2DD8E5125202E5E009A70E4 /* Release */,
			);
			defaultConfigurationIsVisible = 0;
			defaultConfigurationName = Release;
		};
		D2DD8E5225202E5E009A70E4 /* Build configuration list for PBXNativeTarget "Prince (macOS)" */ = {
			isa = XCConfigurationList;
			buildConfigurations = (
				D2DD8E5325202E5E009A70E4 /* Debug */,
				D2DD8E5425202E5E009A70E4 /* Release */,
			);
			defaultConfigurationIsVisible = 0;
			defaultConfigurationName = Release;
		};
/* End XCConfigurationList section */
	};
	rootObject = D2DD8E1925202E5A009A70E4 /* Project object */;
}
